{
  "name": "getwhwhatyoulost",
  "lockfileVersion": 3,
  "requires": true,
  "packages": {
    "": {
      "dependencies": {
        "@tmsfe/tms-ui": "^1.0.142"
      }
    },
    "node_modules/@tmsfe/tms-ui": {
      "version": "1.0.142",
      "resolved": "https://registry.npmmirror.com/@tmsfe/tms-ui/-/tms-ui-1.0.142.tgz",
      "integrity": "sha512-JeJW9+zu4VzkqeGoFMCzM7uRDfBANBuegUiV+QeFeCxAJ8uat89cGkyUQgf0In8S3JGGOPXN49Cak7mS+ZscRA==",
      "license": "MIT"
    }
  }
}
