{
  "name": "getwhwhatyoulost",
  "lockfileVersion": 3,
  "requires": true,
  "packages": {
    "": {
      "dependencies": {
        "@tmsfe/tms-ui": "^1.0.142",
        "@vant/weapp": "^1.11.7"
      }
    },
    "node_modules/@tmsfe/tms-ui": {
      "version": "1.0.142",
      "resolved": "https://registry.npmmirror.com/@tmsfe/tms-ui/-/tms-ui-1.0.142.tgz",
      "integrity": "sha512-JeJW9+zu4VzkqeGoFMCzM7uRDfBANBuegUiV+QeFeCxAJ8uat89cGkyUQgf0In8S3JGGOPXN49Cak7mS+ZscRA==",
      "license": "MIT"
    },
    "node_modules/@vant/weapp": {
      "version": "1.11.7",
      "resolved": "https://registry.npmmirror.com/@vant/weapp/-/weapp-1.11.7.tgz",
      "integrity": "sha512-Rwn9BBnb4kHSV4XmvBicwtd42J+amEUfnFDcXJsGNPNX4a9c/DoT6YLsm4X1wB2+sQbdiQsbFBLAvGRBxCkD8g==",
      "license": "MIT"
    }
  }
}
